
Microsoft Visual Studio Solution File, Format Version 12.00
# Visual Studio 15
VisualStudioVersion = 15.0.28307.852
MinimumVisualStudioVersion = 10.0.40219.1
Project("{FAE04EC0-301F-11D3-BF4B-00C04F79EFBC}") = "Test", "Test\Test.csproj", "{CFEB430C-8540-47D2-895E-E45CD7B5E832}"
EndProject
Project("{FAE04EC0-301F-11D3-BF4B-00C04F79EFBC}") = "TestEvent", "TestEvent\TestEvent.csproj", "{BF05C197-7833-4622-AEA8-D09360DF1688}"
EndProject
Project("{FAE04EC0-301F-11D3-BF4B-00C04F79EFBC}") = "TestCovariance", "TestCovariance\TestCovariance.csproj", "{361F7ECF-ACA9-4161-B2EB-1044364EF630}"
EndProject
Project("{FAE04EC0-301F-11D3-BF4B-00C04F79EFBC}") = "TestEpiViewModel", "TestEpiViewModel\TestEpiViewModel.csproj", "{E8BA7CAE-C462-4D8A-A6CC-7FFF830F05EB}"
EndProject
Project("{FAE04EC0-301F-11D3-BF4B-00C04F79EFBC}") = "TestCustomControllers", "TestCustomControllers\TestCustomControllers.csproj", "{5FD4A905-1649-457C-BC85-C0BF2167C3F6}"
EndProject
Project("{FAE04EC0-301F-11D3-BF4B-00C04F79EFBC}") = "TestPopulateClassWithParamsInjected", "TestPopulateClassWithParamsInjected\TestPopulateClassWithParamsInjected.csproj", "{E5C42712-545C-467C-806A-6169561F3027}"
EndProject
Project("{2150E333-8FDC-42A3-9474-1A3956D46DE8}") = "Epi", "Epi", "{3ED6DAE1-9E90-4CAD-B85C-49D9751502FC}"
EndProject
Project("{FAE04EC0-301F-11D3-BF4B-00C04F79EFBC}") = "TestSite", "TestSite\TestSite.csproj", "{7D4B1AF6-DA9A-494C-88D1-F97DBFC16FBF}"
EndProject
Project("{FAE04EC0-301F-11D3-BF4B-00C04F79EFBC}") = "TestRestClient", "TestRestClient\TestRestClient.csproj", "{FD4D7957-FC38-4F62-A285-3F1AF8CDAC0B}"
EndProject
Global
	GlobalSection(SolutionConfigurationPlatforms) = preSolution
		Debug|Any CPU = Debug|Any CPU
		Release|Any CPU = Release|Any CPU
	EndGlobalSection
	GlobalSection(ProjectConfigurationPlatforms) = postSolution
		{CFEB430C-8540-47D2-895E-E45CD7B5E832}.Debug|Any CPU.ActiveCfg = Debug|Any CPU
		{CFEB430C-8540-47D2-895E-E45CD7B5E832}.Debug|Any CPU.Build.0 = Debug|Any CPU
		{CFEB430C-8540-47D2-895E-E45CD7B5E832}.Release|Any CPU.ActiveCfg = Release|Any CPU
		{CFEB430C-8540-47D2-895E-E45CD7B5E832}.Release|Any CPU.Build.0 = Release|Any CPU
		{BF05C197-7833-4622-AEA8-D09360DF1688}.Debug|Any CPU.ActiveCfg = Debug|Any CPU
		{BF05C197-7833-4622-AEA8-D09360DF1688}.Debug|Any CPU.Build.0 = Debug|Any CPU
		{BF05C197-7833-4622-AEA8-D09360DF1688}.Release|Any CPU.ActiveCfg = Release|Any CPU
		{BF05C197-7833-4622-AEA8-D09360DF1688}.Release|Any CPU.Build.0 = Release|Any CPU
		{361F7ECF-ACA9-4161-B2EB-1044364EF630}.Debug|Any CPU.ActiveCfg = Debug|Any CPU
		{361F7ECF-ACA9-4161-B2EB-1044364EF630}.Debug|Any CPU.Build.0 = Debug|Any CPU
		{361F7ECF-ACA9-4161-B2EB-1044364EF630}.Release|Any CPU.ActiveCfg = Release|Any CPU
		{361F7ECF-ACA9-4161-B2EB-1044364EF630}.Release|Any CPU.Build.0 = Release|Any CPU
		{E8BA7CAE-C462-4D8A-A6CC-7FFF830F05EB}.Debug|Any CPU.ActiveCfg = Debug|Any CPU
		{E8BA7CAE-C462-4D8A-A6CC-7FFF830F05EB}.Debug|Any CPU.Build.0 = Debug|Any CPU
		{E8BA7CAE-C462-4D8A-A6CC-7FFF830F05EB}.Release|Any CPU.ActiveCfg = Release|Any CPU
		{E8BA7CAE-C462-4D8A-A6CC-7FFF830F05EB}.Release|Any CPU.Build.0 = Release|Any CPU
		{5FD4A905-1649-457C-BC85-C0BF2167C3F6}.Debug|Any CPU.ActiveCfg = Debug|Any CPU
		{5FD4A905-1649-457C-BC85-C0BF2167C3F6}.Debug|Any CPU.Build.0 = Debug|Any CPU
		{5FD4A905-1649-457C-BC85-C0BF2167C3F6}.Release|Any CPU.ActiveCfg = Release|Any CPU
		{5FD4A905-1649-457C-BC85-C0BF2167C3F6}.Release|Any CPU.Build.0 = Release|Any CPU
		{E5C42712-545C-467C-806A-6169561F3027}.Debug|Any CPU.ActiveCfg = Debug|Any CPU
		{E5C42712-545C-467C-806A-6169561F3027}.Debug|Any CPU.Build.0 = Debug|Any CPU
		{E5C42712-545C-467C-806A-6169561F3027}.Release|Any CPU.ActiveCfg = Release|Any CPU
		{E5C42712-545C-467C-806A-6169561F3027}.Release|Any CPU.Build.0 = Release|Any CPU
		{7D4B1AF6-DA9A-494C-88D1-F97DBFC16FBF}.Debug|Any CPU.ActiveCfg = Debug|Any CPU
		{7D4B1AF6-DA9A-494C-88D1-F97DBFC16FBF}.Debug|Any CPU.Build.0 = Debug|Any CPU
		{7D4B1AF6-DA9A-494C-88D1-F97DBFC16FBF}.Release|Any CPU.ActiveCfg = Release|Any CPU
		{7D4B1AF6-DA9A-494C-88D1-F97DBFC16FBF}.Release|Any CPU.Build.0 = Release|Any CPU
		{FD4D7957-FC38-4F62-A285-3F1AF8CDAC0B}.Debug|Any CPU.ActiveCfg = Debug|Any CPU
		{FD4D7957-FC38-4F62-A285-3F1AF8CDAC0B}.Debug|Any CPU.Build.0 = Debug|Any CPU
		{FD4D7957-FC38-4F62-A285-3F1AF8CDAC0B}.Release|Any CPU.ActiveCfg = Release|Any CPU
		{FD4D7957-FC38-4F62-A285-3F1AF8CDAC0B}.Release|Any CPU.Build.0 = Release|Any CPU
	EndGlobalSection
	GlobalSection(SolutionProperties) = preSolution
		HideSolutionNode = FALSE
	EndGlobalSection
	GlobalSection(NestedProjects) = preSolution
		{7D4B1AF6-DA9A-494C-88D1-F97DBFC16FBF} = {3ED6DAE1-9E90-4CAD-B85C-49D9751502FC}
		{FD4D7957-FC38-4F62-A285-3F1AF8CDAC0B} = {3ED6DAE1-9E90-4CAD-B85C-49D9751502FC}
	EndGlobalSection
	GlobalSection(ExtensibilityGlobals) = postSolution
		SolutionGuid = {63CB3F82-4613-4E4B-875C-C3037961C3B4}
	EndGlobalSection
EndGlobal
